
Microsoft Visual Studio Solution File, Format Version 12.00
# Visual Studio Version 17
VisualStudioVersion = 17.3.32825.248
MinimumVisualStudioVersion = 10.0.40219.1
Project("{FAE04EC0-301F-11D3-BF4B-00C04F79EFBC}") = "PoketMonstersProject", "PoketMonstersProject\PoketMonstersProject.csproj", "{FA960E09-2A40-4509-9568-A78C7B29AFB1}"
EndProject
Global
	GlobalSection(SolutionConfigurationPlatforms) = preSolution
		Debug|Any CPU = Debug|Any CPU
		Release|Any CPU = Release|Any CPU
	EndGlobalSection
	GlobalSection(ProjectConfigurationPlatforms) = postSolution
		{FA960E09-2A40-4509-9568-A78C7B29AFB1}.Debug|Any CPU.ActiveCfg = Debug|Any CPU
		{FA960E09-2A40-4509-9568-A78C7B29AFB1}.Debug|Any CPU.Build.0 = Debug|Any CPU
		{FA960E09-2A40-4509-9568-A78C7B29AFB1}.Release|Any CPU.ActiveCfg = Release|Any CPU
		{FA960E09-2A40-4509-9568-A78C7B29AFB1}.Release|Any CPU.Build.0 = Release|Any CPU
	EndGlobalSection
	GlobalSection(SolutionProperties) = preSolution
		HideSolutionNode = FALSE
	EndGlobalSection
	GlobalSection(ExtensibilityGlobals) = postSolution
		SolutionGuid = {3C6FE786-C473-4D0B-89AB-38695BB5C31D}
	EndGlobalSection
EndGlobal
